"@backstage/plugin-mcp-catalog-backend@workspace:^, @backstage/plugin-mcp-catalog-backend@workspace:plugins/mcp-catalog-backend":
  version: 0.0.0-use.local
  resolution: "@backstage/plugin-mcp-catalog-backend@workspace:plugins/mcp-catalog-backend"
  dependencies:
    "@backstage/backend-defaults": "workspace:^"
    "@backstage/backend-plugin-api": "workspace:^"
    "@backstage/backend-test-utils": "workspace:^"
    "@backstage/catalog-model": "workspace:^"
    "@backstage/cli": "workspace:^"
    "@backstage/errors": "workspace:^"
    "@backstage/plugin-catalog-node": "workspace:^"
    "@backstage/types": "workspace:^"
    "@modelcontextprotocol/sdk": "npm:^1.12.3"
    "@types/express": "npm:^4.17.6"
    express: "npm:^4.17.1"
    express-promise-router: "npm:^4.1.0"
    zod: "npm:^3.22.4"
  languageName: unknown
  linkType: soft
